// !$*UTF8*$!
{
	archiveVersion = 1;
	classes = {
	};
	objectVersion = 56;
	objects = {

/* Begin PBXBuildFile section */
		5740A08229BA52F50036F01E /* FastStatsView.swift in Sources */ = {isa = PBXBuildFile; fileRef = 5740A08129BA52F50036F01E /* FastStatsView.swift */; };
		5740A08429BA5C7D0036F01E /* FlightLogsViewController.swift in Sources */ = {isa = PBXBuildFile; fileRef = 5740A08329BA5C7D0036F01E /* FlightLogsViewController.swift */; };
		5740A08629BA5C9D0036F01E /* NavigationViewController.swift in Sources */ = {isa = PBXBuildFile; fileRef = 5740A08529BA5C9D0036F01E /* NavigationViewController.swift */; };
		5740A08929BA74A20036F01E /* BetterSegmentedControl in Frameworks */ = {isa = PBXBuildFile; productRef = 5740A08829BA74A20036F01E /* BetterSegmentedControl */; };
		5740A08B29BFCF8B0036F01E /* MetricsTableViewCell.swift in Sources */ = {isa = PBXBuildFile; fileRef = 5740A08A29BFCF8B0036F01E /* MetricsTableViewCell.swift */; };
		5740A08E29BFD04A0036F01E /* Metric.swift in Sources */ = {isa = PBXBuildFile; fileRef = 5740A08D29BFD04A0036F01E /* Metric.swift */; };
		5740A09029BFE1590036F01E /* MetricTypes.swift in Sources */ = {isa = PBXBuildFile; fileRef = 5740A08F29BFE1590036F01E /* MetricTypes.swift */; };
		5765DF9A29B1291100AFFC4D /* AppDelegate.swift in Sources */ = {isa = PBXBuildFile; fileRef = 5765DF9929B1291100AFFC4D /* AppDelegate.swift */; };
		5765DF9C29B1291100AFFC4D /* SceneDelegate.swift in Sources */ = {isa = PBXBuildFile; fileRef = 5765DF9B29B1291100AFFC4D /* SceneDelegate.swift */; };
		5765DF9E29B1291100AFFC4D /* HomeViewController.swift in Sources */ = {isa = PBXBuildFile; fileRef = 5765DF9D29B1291100AFFC4D /* HomeViewController.swift */; };
		5765DFA429B1291100AFFC4D /* FlyFit.xcdatamodeld in Sources */ = {isa = PBXBuildFile; fileRef = 5765DFA229B1291100AFFC4D /* FlyFit.xcdatamodeld */; };
		5765DFA629B1291200AFFC4D /* Assets.xcassets in Resources */ = {isa = PBXBuildFile; fileRef = 5765DFA529B1291200AFFC4D /* Assets.xcassets */; };
		5765DFA929B1291200AFFC4D /* LaunchScreen.storyboard in Resources */ = {isa = PBXBuildFile; fileRef = 5765DFA729B1291200AFFC4D /* LaunchScreen.storyboard */; };
		5765DFB129B1299200AFFC4D /* MainTabBarViewController.swift in Sources */ = {isa = PBXBuildFile; fileRef = 5765DFB029B1299200AFFC4D /* MainTabBarViewController.swift */; };
		5765DFB629B2769F00AFFC4D /* Style.swift in Sources */ = {isa = PBXBuildFile; fileRef = 5765DFB529B2769F00AFFC4D /* Style.swift */; };
		5765DFB829B27C1200AFFC4D /* Inter-VariableFont_slnt,wght.ttf in Resources */ = {isa = PBXBuildFile; fileRef = 5765DFB729B27C1200AFFC4D /* Inter-VariableFont_slnt,wght.ttf */; };
		5765DFBA29B284B600AFFC4D /* Elements.swift in Sources */ = {isa = PBXBuildFile; fileRef = 5765DFB929B284B600AFFC4D /* Elements.swift */; };
		5765DFBC29B2910800AFFC4D /* StatusViewController.swift in Sources */ = {isa = PBXBuildFile; fileRef = 5765DFBB29B2910800AFFC4D /* StatusViewController.swift */; };
		577D995329D280AD00493358 /* MapboxCoreMaps.xcframework in Embed Frameworks */ = {isa = PBXBuildFile; fileRef = 577D994E29D280AD00493358 /* MapboxCoreMaps.xcframework */; settings = {ATTRIBUTES = (CodeSignOnCopy, RemoveHeadersOnCopy, ); }; };
		577D995429D280AD00493358 /* MapboxMaps.xcframework in Embed Frameworks */ = {isa = PBXBuildFile; fileRef = 577D994F29D280AD00493358 /* MapboxMaps.xcframework */; settings = {ATTRIBUTES = (CodeSignOnCopy, RemoveHeadersOnCopy, ); }; };
		577D995529D280AD00493358 /* MapboxMobileEvents.xcframework in Embed Frameworks */ = {isa = PBXBuildFile; fileRef = 577D995029D280AD00493358 /* MapboxMobileEvents.xcframework */; settings = {ATTRIBUTES = (CodeSignOnCopy, RemoveHeadersOnCopy, ); }; };
		577D995629D280AD00493358 /* MapboxCommon.xcframework in Embed Frameworks */ = {isa = PBXBuildFile; fileRef = 577D995129D280AD00493358 /* MapboxCommon.xcframework */; settings = {ATTRIBUTES = (CodeSignOnCopy, RemoveHeadersOnCopy, ); }; };
		577D995729D280AD00493358 /* Turf.xcframework in Embed Frameworks */ = {isa = PBXBuildFile; fileRef = 577D995229D280AD00493358 /* Turf.xcframework */; settings = {ATTRIBUTES = (CodeSignOnCopy, RemoveHeadersOnCopy, ); }; };
		577D995929D34A2400493358 /* AccelerometerView.swift in Sources */ = {isa = PBXBuildFile; fileRef = 577D995829D34A2400493358 /* AccelerometerView.swift */; };
		57C047F629B7C47000E1566B /* MapboxCommon.xcframework in Frameworks */ = {isa = PBXBuildFile; fileRef = 57C047F529B7C47000E1566B /* MapboxCommon.xcframework */; };
		57C047FA29B7C48200E1566B /* MapboxCoreMaps.xcframework in Frameworks */ = {isa = PBXBuildFile; fileRef = 57C047F929B7C48200E1566B /* MapboxCoreMaps.xcframework */; };
		57C047FD29B7C48B00E1566B /* MapboxMaps.xcframework in Frameworks */ = {isa = PBXBuildFile; fileRef = 57C047FC29B7C48B00E1566B /* MapboxMaps.xcframework */; };
		57C0480029B7C49800E1566B /* MapboxMobileEvents.xcframework in Frameworks */ = {isa = PBXBuildFile; fileRef = 57C047FF29B7C49800E1566B /* MapboxMobileEvents.xcframework */; };
		57C0480329B7C4A100E1566B /* Turf.xcframework in Frameworks */ = {isa = PBXBuildFile; fileRef = 57C0480229B7C4A100E1566B /* Turf.xcframework */; };
		57DEEF2A29D277C40084D208 /* BLEController.swift in Sources */ = {isa = PBXBuildFile; fileRef = 57DEEF2729D277C40084D208 /* BLEController.swift */; };
		57DEEF2B29D277C40084D208 /* CBUUIDs.swift in Sources */ = {isa = PBXBuildFile; fileRef = 57DEEF2829D277C40084D208 /* CBUUIDs.swift */; };
		57DEEF2C29D277C40084D208 /* AddBLEData.swift in Sources */ = {isa = PBXBuildFile; fileRef = 57DEEF2929D277C40084D208 /* AddBLEData.swift */; };
		57DEEF2E29D277E30084D208 /* TestingViewController.swift in Sources */ = {isa = PBXBuildFile; fileRef = 57DEEF2D29D277E30084D208 /* TestingViewController.swift */; };
		A1220BA229B25F79006221E5 /* DataController.swift in Sources */ = {isa = PBXBuildFile; fileRef = A1220BA129B25F79006221E5 /* DataController.swift */; };
		A1220BA729B27170006221E5 /* Sensor+CoreDataClass.swift in Sources */ = {isa = PBXBuildFile; fileRef = A1220BA529B27170006221E5 /* Sensor+CoreDataClass.swift */; };
		A1220BA829B27170006221E5 /* Sensor+CoreDataProperties.swift in Sources */ = {isa = PBXBuildFile; fileRef = A1220BA629B27170006221E5 /* Sensor+CoreDataProperties.swift */; };
		A1BDA70929D1F96D00166B48 /* SensorView.swift in Sources */ = {isa = PBXBuildFile; fileRef = A1BDA70829D1F96D00166B48 /* SensorView.swift */; };
/* End PBXBuildFile section */

/* Begin PBXCopyFilesBuildPhase section */
		57C047F829B7C47000E1566B /* Embed Frameworks */ = {
			isa = PBXCopyFilesBuildPhase;
			buildActionMask = 2147483647;
			dstPath = "";
			dstSubfolderSpec = 10;
			files = (
				577D995329D280AD00493358 /* MapboxCoreMaps.xcframework in Embed Frameworks */,
				577D995429D280AD00493358 /* MapboxMaps.xcframework in Embed Frameworks */,
				577D995529D280AD00493358 /* MapboxMobileEvents.xcframework in Embed Frameworks */,
				577D995629D280AD00493358 /* MapboxCommon.xcframework in Embed Frameworks */,
				577D995729D280AD00493358 /* Turf.xcframework in Embed Frameworks */,
			);
			name = "Embed Frameworks";
			runOnlyForDeploymentPostprocessing = 0;
		};
/* End PBXCopyFilesBuildPhase section */

/* Begin PBXFileReference section */
		5740A08129BA52F50036F01E /* FastStatsView.swift */ = {isa = PBXFileReference; lastKnownFileType = sourcecode.swift; path = FastStatsView.swift; sourceTree = "<group>"; };
		5740A08329BA5C7D0036F01E /* FlightLogsViewController.swift */ = {isa = PBXFileReference; lastKnownFileType = sourcecode.swift; path = FlightLogsViewController.swift; sourceTree = "<group>"; };
		5740A08529BA5C9D0036F01E /* NavigationViewController.swift */ = {isa = PBXFileReference; lastKnownFileType = sourcecode.swift; path = NavigationViewController.swift; sourceTree = "<group>"; };
		5740A08A29BFCF8B0036F01E /* MetricsTableViewCell.swift */ = {isa = PBXFileReference; lastKnownFileType = sourcecode.swift; path = MetricsTableViewCell.swift; sourceTree = "<group>"; };
		5740A08D29BFD04A0036F01E /* Metric.swift */ = {isa = PBXFileReference; lastKnownFileType = sourcecode.swift; path = Metric.swift; sourceTree = "<group>"; };
		5740A08F29BFE1590036F01E /* MetricTypes.swift */ = {isa = PBXFileReference; lastKnownFileType = sourcecode.swift; path = MetricTypes.swift; sourceTree = "<group>"; };
		5765DF9629B1291100AFFC4D /* FlyFit.app */ = {isa = PBXFileReference; explicitFileType = wrapper.application; includeInIndex = 0; path = FlyFit.app; sourceTree = BUILT_PRODUCTS_DIR; };
		5765DF9929B1291100AFFC4D /* AppDelegate.swift */ = {isa = PBXFileReference; lastKnownFileType = sourcecode.swift; path = AppDelegate.swift; sourceTree = "<group>"; };
		5765DF9B29B1291100AFFC4D /* SceneDelegate.swift */ = {isa = PBXFileReference; lastKnownFileType = sourcecode.swift; path = SceneDelegate.swift; sourceTree = "<group>"; };
		5765DF9D29B1291100AFFC4D /* HomeViewController.swift */ = {isa = PBXFileReference; lastKnownFileType = sourcecode.swift; path = HomeViewController.swift; sourceTree = "<group>"; };
		5765DFA329B1291100AFFC4D /* FlyFit.xcdatamodel */ = {isa = PBXFileReference; lastKnownFileType = wrapper.xcdatamodel; path = FlyFit.xcdatamodel; sourceTree = "<group>"; };
		5765DFA529B1291200AFFC4D /* Assets.xcassets */ = {isa = PBXFileReference; lastKnownFileType = folder.assetcatalog; path = Assets.xcassets; sourceTree = "<group>"; };
		5765DFA829B1291200AFFC4D /* Base */ = {isa = PBXFileReference; lastKnownFileType = file.storyboard; name = Base; path = Base.lproj/LaunchScreen.storyboard; sourceTree = "<group>"; };
		5765DFAA29B1291200AFFC4D /* Info.plist */ = {isa = PBXFileReference; lastKnownFileType = text.plist.xml; path = Info.plist; sourceTree = "<group>"; };
		5765DFB029B1299200AFFC4D /* MainTabBarViewController.swift */ = {isa = PBXFileReference; lastKnownFileType = sourcecode.swift; path = MainTabBarViewController.swift; sourceTree = "<group>"; };
		5765DFB529B2769F00AFFC4D /* Style.swift */ = {isa = PBXFileReference; lastKnownFileType = sourcecode.swift; path = Style.swift; sourceTree = "<group>"; };
		5765DFB729B27C1200AFFC4D /* Inter-VariableFont_slnt,wght.ttf */ = {isa = PBXFileReference; lastKnownFileType = file; path = "Inter-VariableFont_slnt,wght.ttf"; sourceTree = "<group>"; };
		5765DFB929B284B600AFFC4D /* Elements.swift */ = {isa = PBXFileReference; lastKnownFileType = sourcecode.swift; path = Elements.swift; sourceTree = "<group>"; };
		5765DFBB29B2910800AFFC4D /* StatusViewController.swift */ = {isa = PBXFileReference; lastKnownFileType = sourcecode.swift; path = StatusViewController.swift; sourceTree = "<group>"; };
		577D994E29D280AD00493358 /* MapboxCoreMaps.xcframework */ = {isa = PBXFileReference; lastKnownFileType = wrapper.xcframework; name = MapboxCoreMaps.xcframework; path = artifacts/MapboxCoreMaps.xcframework; sourceTree = "<group>"; };
		577D994F29D280AD00493358 /* MapboxMaps.xcframework */ = {isa = PBXFileReference; lastKnownFileType = wrapper.xcframework; name = MapboxMaps.xcframework; path = artifacts/MapboxMaps.xcframework; sourceTree = "<group>"; };
		577D995029D280AD00493358 /* MapboxMobileEvents.xcframework */ = {isa = PBXFileReference; lastKnownFileType = wrapper.xcframework; name = MapboxMobileEvents.xcframework; path = artifacts/MapboxMobileEvents.xcframework; sourceTree = "<group>"; };
		577D995129D280AD00493358 /* MapboxCommon.xcframework */ = {isa = PBXFileReference; lastKnownFileType = wrapper.xcframework; name = MapboxCommon.xcframework; path = artifacts/MapboxCommon.xcframework; sourceTree = "<group>"; };
		577D995229D280AD00493358 /* Turf.xcframework */ = {isa = PBXFileReference; lastKnownFileType = wrapper.xcframework; name = Turf.xcframework; path = artifacts/Turf.xcframework; sourceTree = "<group>"; };
		577D995829D34A2400493358 /* AccelerometerView.swift */ = {isa = PBXFileReference; lastKnownFileType = sourcecode.swift; path = AccelerometerView.swift; sourceTree = "<group>"; };
		57C047F529B7C47000E1566B /* MapboxCommon.xcframework */ = {isa = PBXFileReference; lastKnownFileType = wrapper.xcframework; name = MapboxCommon.xcframework; path = artifacts/MapboxCommon.xcframework; sourceTree = "<group>"; };
		57C047F929B7C48200E1566B /* MapboxCoreMaps.xcframework */ = {isa = PBXFileReference; lastKnownFileType = wrapper.xcframework; name = MapboxCoreMaps.xcframework; path = artifacts/MapboxCoreMaps.xcframework; sourceTree = "<group>"; };
		57C047FC29B7C48B00E1566B /* MapboxMaps.xcframework */ = {isa = PBXFileReference; lastKnownFileType = wrapper.xcframework; name = MapboxMaps.xcframework; path = artifacts/MapboxMaps.xcframework; sourceTree = "<group>"; };
		57C047FF29B7C49800E1566B /* MapboxMobileEvents.xcframework */ = {isa = PBXFileReference; lastKnownFileType = wrapper.xcframework; name = MapboxMobileEvents.xcframework; path = artifacts/MapboxMobileEvents.xcframework; sourceTree = "<group>"; };
		57C0480229B7C4A100E1566B /* Turf.xcframework */ = {isa = PBXFileReference; lastKnownFileType = wrapper.xcframework; name = Turf.xcframework; path = artifacts/Turf.xcframework; sourceTree = "<group>"; };
		57DEEF2729D277C40084D208 /* BLEController.swift */ = {isa = PBXFileReference; fileEncoding = 4; lastKnownFileType = sourcecode.swift; path = BLEController.swift; sourceTree = "<group>"; };
		57DEEF2829D277C40084D208 /* CBUUIDs.swift */ = {isa = PBXFileReference; fileEncoding = 4; lastKnownFileType = sourcecode.swift; path = CBUUIDs.swift; sourceTree = "<group>"; };
		57DEEF2929D277C40084D208 /* AddBLEData.swift */ = {isa = PBXFileReference; fileEncoding = 4; lastKnownFileType = sourcecode.swift; path = AddBLEData.swift; sourceTree = "<group>"; };
		57DEEF2D29D277E30084D208 /* TestingViewController.swift */ = {isa = PBXFileReference; fileEncoding = 4; lastKnownFileType = sourcecode.swift; path = TestingViewController.swift; sourceTree = "<group>"; };
		A1220BA129B25F79006221E5 /* DataController.swift */ = {isa = PBXFileReference; lastKnownFileType = sourcecode.swift; path = DataController.swift; sourceTree = "<group>"; };
		A1220BA529B27170006221E5 /* Sensor+CoreDataClass.swift */ = {isa = PBXFileReference; lastKnownFileType = sourcecode.swift; path = "Sensor+CoreDataClass.swift"; sourceTree = "<group>"; };
		A1220BA629B27170006221E5 /* Sensor+CoreDataProperties.swift */ = {isa = PBXFileReference; lastKnownFileType = sourcecode.swift; path = "Sensor+CoreDataProperties.swift"; sourceTree = "<group>"; };
		A1BDA70829D1F96D00166B48 /* SensorView.swift */ = {isa = PBXFileReference; lastKnownFileType = sourcecode.swift; path = SensorView.swift; sourceTree = "<group>"; };
/* End PBXFileReference section */

/* Begin PBXFrameworksBuildPhase section */
		5765DF9329B1291100AFFC4D /* Frameworks */ = {
			isa = PBXFrameworksBuildPhase;
			buildActionMask = 2147483647;
			files = (
				57C047FA29B7C48200E1566B /* MapboxCoreMaps.xcframework in Frameworks */,
				57C0480029B7C49800E1566B /* MapboxMobileEvents.xcframework in Frameworks */,
				57C047F629B7C47000E1566B /* MapboxCommon.xcframework in Frameworks */,
				57C0480329B7C4A100E1566B /* Turf.xcframework in Frameworks */,
				57C047FD29B7C48B00E1566B /* MapboxMaps.xcframework in Frameworks */,
				5740A08929BA74A20036F01E /* BetterSegmentedControl in Frameworks */,
			);
			runOnlyForDeploymentPostprocessing = 0;
		};
/* End PBXFrameworksBuildPhase section */

/* Begin PBXGroup section */
		5740A08029BA52D60036F01E /* Views */ = {
			isa = PBXGroup;
			children = (
				5740A08129BA52F50036F01E /* FastStatsView.swift */,
				5740A08A29BFCF8B0036F01E /* MetricsTableViewCell.swift */,
			);
			path = Views;
			sourceTree = "<group>";
		};
		5740A08C29BFD0400036F01E /* Models */ = {
			isa = PBXGroup;
			children = (
				5740A08D29BFD04A0036F01E /* Metric.swift */,
				5740A08F29BFE1590036F01E /* MetricTypes.swift */,
			);
			path = Models;
			sourceTree = "<group>";
		};
		5765DF8D29B1291000AFFC4D = {
			isa = PBXGroup;
			children = (
				577D995129D280AD00493358 /* MapboxCommon.xcframework */,
				577D994E29D280AD00493358 /* MapboxCoreMaps.xcframework */,
				577D994F29D280AD00493358 /* MapboxMaps.xcframework */,
				577D995029D280AD00493358 /* MapboxMobileEvents.xcframework */,
				577D995229D280AD00493358 /* Turf.xcframework */,
				5765DF9829B1291100AFFC4D /* FlyFit */,
				5765DF9729B1291100AFFC4D /* Products */,
				57C047F429B7C47000E1566B /* Frameworks */,
			);
			sourceTree = "<group>";
		};
		5765DF9729B1291100AFFC4D /* Products */ = {
			isa = PBXGroup;
			children = (
				5765DF9629B1291100AFFC4D /* FlyFit.app */,
			);
			name = Products;
			sourceTree = "<group>";
		};
		5765DF9829B1291100AFFC4D /* FlyFit */ = {
			isa = PBXGroup;
			children = (
				57DEEF2629D277C40084D208 /* BLE */,
				A1BDA70A29D1F9C000166B48 /* SwiftUIViews */,
				5740A08C29BFD0400036F01E /* Models */,
				5740A08029BA52D60036F01E /* Views */,
				5765DFB429B2766300AFFC4D /* StyleGuide */,
				A1220BA929B27402006221E5 /* CoreData */,
				5765DFB229B12A6D00AFFC4D /* ViewControllers */,
				5765DF9929B1291100AFFC4D /* AppDelegate.swift */,
				5765DF9B29B1291100AFFC4D /* SceneDelegate.swift */,
				5765DFA529B1291200AFFC4D /* Assets.xcassets */,
				5765DFA729B1291200AFFC4D /* LaunchScreen.storyboard */,
				5765DFAA29B1291200AFFC4D /* Info.plist */,
				5765DFA229B1291100AFFC4D /* FlyFit.xcdatamodeld */,
			);
			path = FlyFit;
			sourceTree = "<group>";
		};
		5765DFB229B12A6D00AFFC4D /* ViewControllers */ = {
			isa = PBXGroup;
			children = (
				5765DFB029B1299200AFFC4D /* MainTabBarViewController.swift */,
				57DEEF2D29D277E30084D208 /* TestingViewController.swift */,
				5765DF9D29B1291100AFFC4D /* HomeViewController.swift */,
				5765DFBB29B2910800AFFC4D /* StatusViewController.swift */,
				5740A08329BA5C7D0036F01E /* FlightLogsViewController.swift */,
				5740A08529BA5C9D0036F01E /* NavigationViewController.swift */,
			);
			path = ViewControllers;
			sourceTree = "<group>";
		};
		5765DFB429B2766300AFFC4D /* StyleGuide */ = {
			isa = PBXGroup;
			children = (
				5765DFB929B284B600AFFC4D /* Elements.swift */,
				5765DFB529B2769F00AFFC4D /* Style.swift */,
				5765DFB729B27C1200AFFC4D /* Inter-VariableFont_slnt,wght.ttf */,
			);
			path = StyleGuide;
			sourceTree = "<group>";
		};
		57C047F429B7C47000E1566B /* Frameworks */ = {
			isa = PBXGroup;
			children = (
				57C0480229B7C4A100E1566B /* Turf.xcframework */,
				57C047FF29B7C49800E1566B /* MapboxMobileEvents.xcframework */,
				57C047FC29B7C48B00E1566B /* MapboxMaps.xcframework */,
				57C047F929B7C48200E1566B /* MapboxCoreMaps.xcframework */,
				57C047F529B7C47000E1566B /* MapboxCommon.xcframework */,
			);
			name = Frameworks;
			sourceTree = "<group>";
		};
		57DEEF2629D277C40084D208 /* BLE */ = {
			isa = PBXGroup;
			children = (
				57DEEF2729D277C40084D208 /* BLEController.swift */,
				57DEEF2829D277C40084D208 /* CBUUIDs.swift */,
				57DEEF2929D277C40084D208 /* AddBLEData.swift */,
			);
			path = BLE;
			sourceTree = "<group>";
		};
		A1220BA929B27402006221E5 /* CoreData */ = {
			isa = PBXGroup;
			children = (
				A1220BA529B27170006221E5 /* Sensor+CoreDataClass.swift */,
				A1220BA629B27170006221E5 /* Sensor+CoreDataProperties.swift */,
				A1220BA129B25F79006221E5 /* DataController.swift */,
			);
			path = CoreData;
			sourceTree = "<group>";
		};
		A1BDA70A29D1F9C000166B48 /* SwiftUIViews */ = {
			isa = PBXGroup;
			children = (
				A1BDA70829D1F96D00166B48 /* SensorView.swift */,
				577D995829D34A2400493358 /* AccelerometerView.swift */,
			);
			path = SwiftUIViews;
			sourceTree = "<group>";
		};
/* End PBXGroup section */

/* Begin PBXNativeTarget section */
		5765DF9529B1291100AFFC4D /* FlyFit */ = {
			isa = PBXNativeTarget;
			buildConfigurationList = 5765DFAD29B1291200AFFC4D /* Build configuration list for PBXNativeTarget "FlyFit" */;
			buildPhases = (
				5765DF9229B1291100AFFC4D /* Sources */,
				5765DF9329B1291100AFFC4D /* Frameworks */,
				5765DF9429B1291100AFFC4D /* Resources */,
				57C047F829B7C47000E1566B /* Embed Frameworks */,
			);
			buildRules = (
			);
			dependencies = (
			);
			name = FlyFit;
			packageProductDependencies = (
				5740A08829BA74A20036F01E /* BetterSegmentedControl */,
			);
			productName = FlyFit;
			productReference = 5765DF9629B1291100AFFC4D /* FlyFit.app */;
			productType = "com.apple.product-type.application";
		};
/* End PBXNativeTarget section */

/* Begin PBXProject section */
		5765DF8E29B1291000AFFC4D /* Project object */ = {
			isa = PBXProject;
			attributes = {
				BuildIndependentTargetsInParallel = 1;
				LastSwiftUpdateCheck = 1400;
				LastUpgradeCheck = 1400;
				TargetAttributes = {
					5765DF9529B1291100AFFC4D = {
						CreatedOnToolsVersion = 14.0;
					};
				};
			};
			buildConfigurationList = 5765DF9129B1291000AFFC4D /* Build configuration list for PBXProject "FlyFit" */;
			compatibilityVersion = "Xcode 14.0";
			developmentRegion = en;
			hasScannedForEncodings = 0;
			knownRegions = (
				en,
				Base,
			);
			mainGroup = 5765DF8D29B1291000AFFC4D;
			packageReferences = (
				5740A08729BA74A20036F01E /* XCRemoteSwiftPackageReference "BetterSegmentedControl" */,
			);
			productRefGroup = 5765DF9729B1291100AFFC4D /* Products */;
			projectDirPath = "";
			projectRoot = "";
			targets = (
				5765DF9529B1291100AFFC4D /* FlyFit */,
			);
		};
/* End PBXProject section */

/* Begin PBXResourcesBuildPhase section */
		5765DF9429B1291100AFFC4D /* Resources */ = {
			isa = PBXResourcesBuildPhase;
			buildActionMask = 2147483647;
			files = (
				5765DFA929B1291200AFFC4D /* LaunchScreen.storyboard in Resources */,
				5765DFB829B27C1200AFFC4D /* Inter-VariableFont_slnt,wght.ttf in Resources */,
				5765DFA629B1291200AFFC4D /* Assets.xcassets in Resources */,
			);
			runOnlyForDeploymentPostprocessing = 0;
		};
/* End PBXResourcesBuildPhase section */

/* Begin PBXSourcesBuildPhase section */
		5765DF9229B1291100AFFC4D /* Sources */ = {
			isa = PBXSourcesBuildPhase;
			buildActionMask = 2147483647;
			files = (
				57DEEF2A29D277C40084D208 /* BLEController.swift in Sources */,
				577D995929D34A2400493358 /* AccelerometerView.swift in Sources */,
				5765DFB129B1299200AFFC4D /* MainTabBarViewController.swift in Sources */,
				5740A08E29BFD04A0036F01E /* Metric.swift in Sources */,
				A1BDA70929D1F96D00166B48 /* SensorView.swift in Sources */,
				A1220BA729B27170006221E5 /* Sensor+CoreDataClass.swift in Sources */,
				5765DF9E29B1291100AFFC4D /* HomeViewController.swift in Sources */,
				5765DFA429B1291100AFFC4D /* FlyFit.xcdatamodeld in Sources */,
				57DEEF2E29D277E30084D208 /* TestingViewController.swift in Sources */,
				57DEEF2B29D277C40084D208 /* CBUUIDs.swift in Sources */,
				5765DFBA29B284B600AFFC4D /* Elements.swift in Sources */,
				5765DF9A29B1291100AFFC4D /* AppDelegate.swift in Sources */,
				A1220BA229B25F79006221E5 /* DataController.swift in Sources */,
				5740A08229BA52F50036F01E /* FastStatsView.swift in Sources */,
				57DEEF2C29D277C40084D208 /* AddBLEData.swift in Sources */,
				A1220BA829B27170006221E5 /* Sensor+CoreDataProperties.swift in Sources */,
				5765DFB629B2769F00AFFC4D /* Style.swift in Sources */,
				5740A08B29BFCF8B0036F01E /* MetricsTableViewCell.swift in Sources */,
				5765DFBC29B2910800AFFC4D /* StatusViewController.swift in Sources */,
				5740A08429BA5C7D0036F01E /* FlightLogsViewController.swift in Sources */,
				5740A08629BA5C9D0036F01E /* NavigationViewController.swift in Sources */,
				5765DF9C29B1291100AFFC4D /* SceneDelegate.swift in Sources */,
				5740A09029BFE1590036F01E /* MetricTypes.swift in Sources */,
			);
			runOnlyForDeploymentPostprocessing = 0;
		};
/* End PBXSourcesBuildPhase section */

/* Begin PBXVariantGroup section */
		5765DFA729B1291200AFFC4D /* LaunchScreen.storyboard */ = {
			isa = PBXVariantGroup;
			children = (
				5765DFA829B1291200AFFC4D /* Base */,
			);
			name = LaunchScreen.storyboard;
			sourceTree = "<group>";
		};
/* End PBXVariantGroup section */

/* Begin XCBuildConfiguration section */
		5765DFAB29B1291200AFFC4D /* Debug */ = {
			isa = XCBuildConfiguration;
			buildSettings = {
				ALWAYS_SEARCH_USER_PATHS = NO;
				CLANG_ANALYZER_NONNULL = YES;
				CLANG_ANALYZER_NUMBER_OBJECT_CONVERSION = YES_AGGRESSIVE;
				CLANG_CXX_LANGUAGE_STANDARD = "gnu++20";
				CLANG_ENABLE_MODULES = YES;
				CLANG_ENABLE_OBJC_ARC = YES;
				CLANG_ENABLE_OBJC_WEAK = YES;
				CLANG_WARN_BLOCK_CAPTURE_AUTORELEASING = YES;
				CLANG_WARN_BOOL_CONVERSION = YES;
				CLANG_WARN_COMMA = YES;
				CLANG_WARN_CONSTANT_CONVERSION = YES;
				CLANG_WARN_DEPRECATED_OBJC_IMPLEMENTATIONS = YES;
				CLANG_WARN_DIRECT_OBJC_ISA_USAGE = YES_ERROR;
				CLANG_WARN_DOCUMENTATION_COMMENTS = YES;
				CLANG_WARN_EMPTY_BODY = YES;
				CLANG_WARN_ENUM_CONVERSION = YES;
				CLANG_WARN_INFINITE_RECURSION = YES;
				CLANG_WARN_INT_CONVERSION = YES;
				CLANG_WARN_NON_LITERAL_NULL_CONVERSION = YES;
				CLANG_WARN_OBJC_IMPLICIT_RETAIN_SELF = YES;
				CLANG_WARN_OBJC_LITERAL_CONVERSION = YES;
				CLANG_WARN_OBJC_ROOT_CLASS = YES_ERROR;
				CLANG_WARN_QUOTED_INCLUDE_IN_FRAMEWORK_HEADER = YES;
				CLANG_WARN_RANGE_LOOP_ANALYSIS = YES;
				CLANG_WARN_STRICT_PROTOTYPES = YES;
				CLANG_WARN_SUSPICIOUS_MOVE = YES;
				CLANG_WARN_UNGUARDED_AVAILABILITY = YES_AGGRESSIVE;
				CLANG_WARN_UNREACHABLE_CODE = YES;
				CLANG_WARN__DUPLICATE_METHOD_MATCH = YES;
				COPY_PHASE_STRIP = NO;
				DEBUG_INFORMATION_FORMAT = dwarf;
				ENABLE_STRICT_OBJC_MSGSEND = YES;
				ENABLE_TESTABILITY = YES;
				GCC_C_LANGUAGE_STANDARD = gnu11;
				GCC_DYNAMIC_NO_PIC = NO;
				GCC_NO_COMMON_BLOCKS = YES;
				GCC_OPTIMIZATION_LEVEL = 0;
				GCC_PREPROCESSOR_DEFINITIONS = (
					"DEBUG=1",
					"$(inherited)",
				);
				GCC_WARN_64_TO_32_BIT_CONVERSION = YES;
				GCC_WARN_ABOUT_RETURN_TYPE = YES_ERROR;
				GCC_WARN_UNDECLARED_SELECTOR = YES;
				GCC_WARN_UNINITIALIZED_AUTOS = YES_AGGRESSIVE;
				GCC_WARN_UNUSED_FUNCTION = YES;
				GCC_WARN_UNUSED_VARIABLE = YES;
				IPHONEOS_DEPLOYMENT_TARGET = 16.0;
				MTL_ENABLE_DEBUG_INFO = INCLUDE_SOURCE;
				MTL_FAST_MATH = YES;
				ONLY_ACTIVE_ARCH = YES;
				SDKROOT = iphoneos;
				SWIFT_ACTIVE_COMPILATION_CONDITIONS = DEBUG;
				SWIFT_OPTIMIZATION_LEVEL = "-Onone";
			};
			name = Debug;
		};
		5765DFAC29B1291200AFFC4D /* Release */ = {
			isa = XCBuildConfiguration;
			buildSettings = {
				ALWAYS_SEARCH_USER_PATHS = NO;
				CLANG_ANALYZER_NONNULL = YES;
				CLANG_ANALYZER_NUMBER_OBJECT_CONVERSION = YES_AGGRESSIVE;
				CLANG_CXX_LANGUAGE_STANDARD = "gnu++20";
				CLANG_ENABLE_MODULES = YES;
				CLANG_ENABLE_OBJC_ARC = YES;
				CLANG_ENABLE_OBJC_WEAK = YES;
				CLANG_WARN_BLOCK_CAPTURE_AUTORELEASING = YES;
				CLANG_WARN_BOOL_CONVERSION = YES;
				CLANG_WARN_COMMA = YES;
				CLANG_WARN_CONSTANT_CONVERSION = YES;
				CLANG_WARN_DEPRECATED_OBJC_IMPLEMENTATIONS = YES;
				CLANG_WARN_DIRECT_OBJC_ISA_USAGE = YES_ERROR;
				CLANG_WARN_DOCUMENTATION_COMMENTS = YES;
				CLANG_WARN_EMPTY_BODY = YES;
				CLANG_WARN_ENUM_CONVERSION = YES;
				CLANG_WARN_INFINITE_RECURSION = YES;
				CLANG_WARN_INT_CONVERSION = YES;
				CLANG_WARN_NON_LITERAL_NULL_CONVERSION = YES;
				CLANG_WARN_OBJC_IMPLICIT_RETAIN_SELF = YES;
				CLANG_WARN_OBJC_LITERAL_CONVERSION = YES;
				CLANG_WARN_OBJC_ROOT_CLASS = YES_ERROR;
				CLANG_WARN_QUOTED_INCLUDE_IN_FRAMEWORK_HEADER = YES;
				CLANG_WARN_RANGE_LOOP_ANALYSIS = YES;
				CLANG_WARN_STRICT_PROTOTYPES = YES;
				CLANG_WARN_SUSPICIOUS_MOVE = YES;
				CLANG_WARN_UNGUARDED_AVAILABILITY = YES_AGGRESSIVE;
				CLANG_WARN_UNREACHABLE_CODE = YES;
				CLANG_WARN__DUPLICATE_METHOD_MATCH = YES;
				COPY_PHASE_STRIP = NO;
				DEBUG_INFORMATION_FORMAT = "dwarf-with-dsym";
				ENABLE_NS_ASSERTIONS = NO;
				ENABLE_STRICT_OBJC_MSGSEND = YES;
				GCC_C_LANGUAGE_STANDARD = gnu11;
				GCC_NO_COMMON_BLOCKS = YES;
				GCC_WARN_64_TO_32_BIT_CONVERSION = YES;
				GCC_WARN_ABOUT_RETURN_TYPE = YES_ERROR;
				GCC_WARN_UNDECLARED_SELECTOR = YES;
				GCC_WARN_UNINITIALIZED_AUTOS = YES_AGGRESSIVE;
				GCC_WARN_UNUSED_FUNCTION = YES;
				GCC_WARN_UNUSED_VARIABLE = YES;
				IPHONEOS_DEPLOYMENT_TARGET = 16.0;
				MTL_ENABLE_DEBUG_INFO = NO;
				MTL_FAST_MATH = YES;
				SDKROOT = iphoneos;
				SWIFT_COMPILATION_MODE = wholemodule;
				SWIFT_OPTIMIZATION_LEVEL = "-O";
				VALIDATE_PRODUCT = YES;
			};
			name = Release;
		};
		5765DFAE29B1291200AFFC4D /* Debug */ = {
			isa = XCBuildConfiguration;
			buildSettings = {
				ASSETCATALOG_COMPILER_APPICON_NAME = AppIcon;
				ASSETCATALOG_COMPILER_GLOBAL_ACCENT_COLOR_NAME = AccentColor;
				CODE_SIGN_STYLE = Automatic;
				CURRENT_PROJECT_VERSION = 1;
				DEVELOPMENT_TEAM = QTSJFA7Y7P;
				GENERATE_INFOPLIST_FILE = YES;
				INFOPLIST_FILE = FlyFit/Info.plist;
				INFOPLIST_KEY_NSBluetoothAlwaysUsageDescription = "This application uses bluetooth to connect to your sensor system";
				INFOPLIST_KEY_UIApplicationSupportsIndirectInputEvents = YES;
				INFOPLIST_KEY_UILaunchStoryboardName = LaunchScreen;
				INFOPLIST_KEY_UISupportedInterfaceOrientations_iPad = "UIInterfaceOrientationPortrait UIInterfaceOrientationPortraitUpsideDown UIInterfaceOrientationLandscapeLeft UIInterfaceOrientationLandscapeRight";
				INFOPLIST_KEY_UISupportedInterfaceOrientations_iPhone = "UIInterfaceOrientationPortrait UIInterfaceOrientationLandscapeLeft UIInterfaceOrientationLandscapeRight";
				LD_RUNPATH_SEARCH_PATHS = (
					"$(inherited)",
					"@executable_path/Frameworks",
				);
				MARKETING_VERSION = 1.0;
				PRODUCT_BUNDLE_IDENTIFIER = com.Anna.FlyFit;
				PRODUCT_NAME = "$(TARGET_NAME)";
				SWIFT_EMIT_LOC_STRINGS = YES;
				SWIFT_VERSION = 5.0;
				TARGETED_DEVICE_FAMILY = "1,2";
			};
			name = Debug;
		};
		5765DFAF29B1291200AFFC4D /* Release */ = {
			isa = XCBuildConfiguration;
			buildSettings = {
				ASSETCATALOG_COMPILER_APPICON_NAME = AppIcon;
				ASSETCATALOG_COMPILER_GLOBAL_ACCENT_COLOR_NAME = AccentColor;
				CODE_SIGN_STYLE = Automatic;
				CURRENT_PROJECT_VERSION = 1;
				DEVELOPMENT_TEAM = QTSJFA7Y7P;
				GENERATE_INFOPLIST_FILE = YES;
				INFOPLIST_FILE = FlyFit/Info.plist;
				INFOPLIST_KEY_NSBluetoothAlwaysUsageDescription = "This application uses bluetooth to connect to your sensor system";
				INFOPLIST_KEY_UIApplicationSupportsIndirectInputEvents = YES;
				INFOPLIST_KEY_UILaunchStoryboardName = LaunchScreen;
				INFOPLIST_KEY_UISupportedInterfaceOrientations_iPad = "UIInterfaceOrientationPortrait UIInterfaceOrientationPortraitUpsideDown UIInterfaceOrientationLandscapeLeft UIInterfaceOrientationLandscapeRight";
				INFOPLIST_KEY_UISupportedInterfaceOrientations_iPhone = "UIInterfaceOrientationPortrait UIInterfaceOrientationLandscapeLeft UIInterfaceOrientationLandscapeRight";
				LD_RUNPATH_SEARCH_PATHS = (
					"$(inherited)",
					"@executable_path/Frameworks",
				);
				MARKETING_VERSION = 1.0;
				PRODUCT_BUNDLE_IDENTIFIER = com.Anna.FlyFit;
				PRODUCT_NAME = "$(TARGET_NAME)";
				SWIFT_EMIT_LOC_STRINGS = YES;
				SWIFT_VERSION = 5.0;
				TARGETED_DEVICE_FAMILY = "1,2";
			};
			name = Release;
		};
/* End XCBuildConfiguration section */

/* Begin XCConfigurationList section */
		5765DF9129B1291000AFFC4D /* Build configuration list for PBXProject "FlyFit" */ = {
			isa = XCConfigurationList;
			buildConfigurations = (
				5765DFAB29B1291200AFFC4D /* Debug */,
				5765DFAC29B1291200AFFC4D /* Release */,
			);
			defaultConfigurationIsVisible = 0;
			defaultConfigurationName = Release;
		};
		5765DFAD29B1291200AFFC4D /* Build configuration list for PBXNativeTarget "FlyFit" */ = {
			isa = XCConfigurationList;
			buildConfigurations = (
				5765DFAE29B1291200AFFC4D /* Debug */,
				5765DFAF29B1291200AFFC4D /* Release */,
			);
			defaultConfigurationIsVisible = 0;
			defaultConfigurationName = Release;
		};
/* End XCConfigurationList section */

/* Begin XCRemoteSwiftPackageReference section */
		5740A08729BA74A20036F01E /* XCRemoteSwiftPackageReference "BetterSegmentedControl" */ = {
			isa = XCRemoteSwiftPackageReference;
			repositoryURL = "https://github.com/gmarm/BetterSegmentedControl";
			requirement = {
				kind = upToNextMajorVersion;
				minimumVersion = 2.0.0;
			};
		};
/* End XCRemoteSwiftPackageReference section */

/* Begin XCSwiftPackageProductDependency section */
		5740A08829BA74A20036F01E /* BetterSegmentedControl */ = {
			isa = XCSwiftPackageProductDependency;
			package = 5740A08729BA74A20036F01E /* XCRemoteSwiftPackageReference "BetterSegmentedControl" */;
			productName = BetterSegmentedControl;
		};
/* End XCSwiftPackageProductDependency section */

/* Begin XCVersionGroup section */
		5765DFA229B1291100AFFC4D /* FlyFit.xcdatamodeld */ = {
			isa = XCVersionGroup;
			children = (
				5765DFA329B1291100AFFC4D /* FlyFit.xcdatamodel */,
			);
			currentVersion = 5765DFA329B1291100AFFC4D /* FlyFit.xcdatamodel */;
			path = FlyFit.xcdatamodeld;
			sourceTree = "<group>";
			versionGroupType = wrapper.xcdatamodel;
		};
/* End XCVersionGroup section */
	};
	rootObject = 5765DF8E29B1291000AFFC4D /* Project object */;
}
